// !$*UTF8*$!
{
	archiveVersion = 1;
	classes = {
	};
	objectVersion = 56;
	objects = {

/* Begin PBXBuildFile section */
		1103E67B2AE0DBC90089FEF7 /* AppDelegate.swift in Sources */ = {isa = PBXBuildFile; fileRef = 1103E67A2AE0DBC90089FEF7 /* AppDelegate.swift */; };
		1103E67D2AE0DBF50089FEF7 /* FinalView.swift in Sources */ = {isa = PBXBuildFile; fileRef = 1103E67C2AE0DBF50089FEF7 /* FinalView.swift */; };
		1103E67F2AE0DC230089FEF7 /* Home.swift in Sources */ = {isa = PBXBuildFile; fileRef = 1103E67E2AE0DC230089FEF7 /* Home.swift */; };
		1103E6812AE0DC660089FEF7 /* ProgressView.swift in Sources */ = {isa = PBXBuildFile; fileRef = 1103E6802AE0DC660089FEF7 /* ProgressView.swift */; };
		1103E6832AE0DCAE0089FEF7 /* Quiz1.swift in Sources */ = {isa = PBXBuildFile; fileRef = 1103E6822AE0DCAE0089FEF7 /* Quiz1.swift */; };
		1103E6852AE0DCEB0089FEF7 /* quizModel.swift in Sources */ = {isa = PBXBuildFile; fileRef = 1103E6842AE0DCEB0089FEF7 /* quizModel.swift */; };
		1103E6872AE0DD140089FEF7 /* SceneDelegate.swift in Sources */ = {isa = PBXBuildFile; fileRef = 1103E6862AE0DD140089FEF7 /* SceneDelegate.swift */; };
		1103E6892AE0E1B70089FEF7 /* PredictionStatus2.swift in Sources */ = {isa = PBXBuildFile; fileRef = 1103E6882AE0E1B70089FEF7 /* PredictionStatus2.swift */; };
		1103E68D2AE0E3580089FEF7 /* LetrasSenias2.swift in Sources */ = {isa = PBXBuildFile; fileRef = 1103E68C2AE0E3580089FEF7 /* LetrasSenias2.swift */; };
		1159C6222AE189E0000C768E /* S1.gif in Resources */ = {isa = PBXBuildFile; fileRef = 1159C6212AE189E0000C768E /* S1.gif */; };
		11E580CC2ADCF760005977A9 /* ShowSignView.swift in Sources */ = {isa = PBXBuildFile; fileRef = 11E580CB2ADCF75F005977A9 /* ShowSignView.swift */; };
		FB0583142AE171D200A990F5 /* S10.gif in Resources */ = {isa = PBXBuildFile; fileRef = FB0583132AE171D200A990F5 /* S10.gif */; };
		FB0583162AE171E100A990F5 /* S9.gif in Resources */ = {isa = PBXBuildFile; fileRef = FB0583152AE171E100A990F5 /* S9.gif */; };
		FB0583182AE171E600A990F5 /* S8.gif in Resources */ = {isa = PBXBuildFile; fileRef = FB0583172AE171E500A990F5 /* S8.gif */; };
		FB05831A2AE171F100A990F5 /* S7.gif in Resources */ = {isa = PBXBuildFile; fileRef = FB0583192AE171F100A990F5 /* S7.gif */; };
		FB05831C2AE171FC00A990F5 /* S6.gif in Resources */ = {isa = PBXBuildFile; fileRef = FB05831B2AE171FC00A990F5 /* S6.gif */; };
		FB05831E2AE1720500A990F5 /* S5.gif in Resources */ = {isa = PBXBuildFile; fileRef = FB05831D2AE1720500A990F5 /* S5.gif */; };
		FB0583202AE1720D00A990F5 /* S4.gif in Resources */ = {isa = PBXBuildFile; fileRef = FB05831F2AE1720D00A990F5 /* S4.gif */; };
		FB0583222AE1722700A990F5 /* S3.gif in Resources */ = {isa = PBXBuildFile; fileRef = FB0583212AE1722700A990F5 /* S3.gif */; };
		FB0583242AE1722B00A990F5 /* S2.gif in Resources */ = {isa = PBXBuildFile; fileRef = FB0583232AE1722B00A990F5 /* S2.gif */; };
		FB0583282AE1737B00A990F5 /* SeniasNumerosEq1.mlmodel in Sources */ = {isa = PBXBuildFile; fileRef = FB0583272AE1737B00A990F5 /* SeniasNumerosEq1.mlmodel */; };
		FB05832A2AE175FE00A990F5 /* SeniasLetrasEq1.mlmodel in Sources */ = {isa = PBXBuildFile; fileRef = FB0583292AE175FE00A990F5 /* SeniasLetrasEq1.mlmodel */; };
		FB05832D2AE17C2400A990F5 /* Classification2.swift in Sources */ = {isa = PBXBuildFile; fileRef = FB05832C2AE17C2300A990F5 /* Classification2.swift */; };
		FB05832F2AE17C5B00A990F5 /* ClassifierViewModel2.swift in Sources */ = {isa = PBXBuildFile; fileRef = FB05832E2AE17C5B00A990F5 /* ClassifierViewModel2.swift */; };
		FB0583312AE17DC500A990F5 /* ShowSignView2.swift in Sources */ = {isa = PBXBuildFile; fileRef = FB0583302AE17DC500A990F5 /* ShowSignView2.swift */; };
		FB0583332AE1810400A990F5 /* LiveCameraController2.swift in Sources */ = {isa = PBXBuildFile; fileRef = FB0583322AE1810400A990F5 /* LiveCameraController2.swift */; };
		FB0583352AE181E300A990F5 /* LiveCameraRepresentable2.swift in Sources */ = {isa = PBXBuildFile; fileRef = FB0583342AE181E300A990F5 /* LiveCameraRepresentable2.swift */; };
		FB37BB082ADF512000B622A9 /* WebView.swift in Sources */ = {isa = PBXBuildFile; fileRef = FB37BB072ADF512000B622A9 /* WebView.swift */; };
		FB62B75E2AD713E800594247 /* PredictionStatus.swift in Sources */ = {isa = PBXBuildFile; fileRef = FB62B75D2AD713E800594247 /* PredictionStatus.swift */; };
		FB62B7622AD7155500594247 /* mydata.geojson in Resources */ = {isa = PBXBuildFile; fileRef = FB62B7612AD7155500594247 /* mydata.geojson */; };
		FB62B7642AD7184500594247 /* Classification.swift in Sources */ = {isa = PBXBuildFile; fileRef = FB62B7632AD7184500594247 /* Classification.swift */; };
		FB62B7682AD71B0E00594247 /* ClassifierViewModel.swift in Sources */ = {isa = PBXBuildFile; fileRef = FB62B7672AD71B0E00594247 /* ClassifierViewModel.swift */; };
		FB6B9D4B2ABCC3D80065BB70 /* LetrasSenias.swift in Sources */ = {isa = PBXBuildFile; fileRef = FB6B9D4A2ABCC3D80065BB70 /* LetrasSenias.swift */; };
		FB6B9D4D2ABCC7BA0065BB70 /* DeletrearConSenias.swift in Sources */ = {isa = PBXBuildFile; fileRef = FB6B9D4C2ABCC7BA0065BB70 /* DeletrearConSenias.swift */; };
		FB75F1072AD46578009F442A /* LiveCameraRepresentable.swift in Sources */ = {isa = PBXBuildFile; fileRef = FB75F1062AD46578009F442A /* LiveCameraRepresentable.swift */; };
		FB75F1092AD465A7009F442A /* LiveCameraController.swift in Sources */ = {isa = PBXBuildFile; fileRef = FB75F1082AD465A7009F442A /* LiveCameraController.swift */; };
		FB75F1102AD46F9E009F442A /* Constants.swift in Sources */ = {isa = PBXBuildFile; fileRef = FB75F10F2AD46F9E009F442A /* Constants.swift */; };
		FB75F1122AD46FCB009F442A /* Helpers.swift in Sources */ = {isa = PBXBuildFile; fileRef = FB75F1112AD46FCB009F442A /* Helpers.swift */; };
		FB8FA97B2AAFAC9D002E93E8 /* Proyecto_Equipo1App.swift in Sources */ = {isa = PBXBuildFile; fileRef = FB8FA97A2AAFAC9D002E93E8 /* Proyecto_Equipo1App.swift */; };
		FB8FA97D2AAFAC9D002E93E8 /* ContentView.swift in Sources */ = {isa = PBXBuildFile; fileRef = FB8FA97C2AAFAC9D002E93E8 /* ContentView.swift */; };
		FB8FA97F2AAFAC9D002E93E8 /* Assets.xcassets in Resources */ = {isa = PBXBuildFile; fileRef = FB8FA97E2AAFAC9D002E93E8 /* Assets.xcassets */; };
		FB8FA9822AAFAC9D002E93E8 /* Preview Assets.xcassets in Resources */ = {isa = PBXBuildFile; fileRef = FB8FA9812AAFAC9D002E93E8 /* Preview Assets.xcassets */; };
		FB9C25572AD9C62600A0509B /* LaunchScreenView.swift in Sources */ = {isa = PBXBuildFile; fileRef = FB9C25562AD9C62600A0509B /* LaunchScreenView.swift */; };
		FB9C661F2ACCDE5E004FFE8C /* TabView2.swift in Sources */ = {isa = PBXBuildFile; fileRef = FB9C661E2ACCDE5E004FFE8C /* TabView2.swift */; };
		FB9C66232ACCE170004FFE8C /* LetrasView.swift in Sources */ = {isa = PBXBuildFile; fileRef = FB9C66222ACCE170004FFE8C /* LetrasView.swift */; };
		FB9C66252ACCE1A9004FFE8C /* LetraView.swift in Sources */ = {isa = PBXBuildFile; fileRef = FB9C66242ACCE1A9004FFE8C /* LetraView.swift */; };
		FB9C66272ACCE1E7004FFE8C /* LetrasViewModel.swift in Sources */ = {isa = PBXBuildFile; fileRef = FB9C66262ACCE1E7004FFE8C /* LetrasViewModel.swift */; };
		FB9C66292ACCE20A004FFE8C /* Letra.swift in Sources */ = {isa = PBXBuildFile; fileRef = FB9C66282ACCE20A004FFE8C /* Letra.swift */; };
		FBA498312ADDBB5400711A11 /* SI.gif in Resources */ = {isa = PBXBuildFile; fileRef = FBA498142ADDBB5300711A11 /* SI.gif */; };
		FBA498322ADDBB5400711A11 /* SH.gif in Resources */ = {isa = PBXBuildFile; fileRef = FBA498152ADDBB5300711A11 /* SH.gif */; };
		FBA498332ADDBB5400711A11 /* SJ.gif in Resources */ = {isa = PBXBuildFile; fileRef = FBA498162ADDBB5300711A11 /* SJ.gif */; };
		FBA498342ADDBB5400711A11 /* SK.gif in Resources */ = {isa = PBXBuildFile; fileRef = FBA498172ADDBB5300711A11 /* SK.gif */; };
		FBA498352ADDBB5400711A11 /* SO.gif in Resources */ = {isa = PBXBuildFile; fileRef = FBA498182ADDBB5300711A11 /* SO.gif */; };
		FBA498362ADDBB5400711A11 /* SX.gif in Resources */ = {isa = PBXBuildFile; fileRef = FBA498192ADDBB5300711A11 /* SX.gif */; };
		FBA498372ADDBB5400711A11 /* SY.gif in Resources */ = {isa = PBXBuildFile; fileRef = FBA4981A2ADDBB5300711A11 /* SY.gif */; };
		FBA498382ADDBB5400711A11 /* SN.gif in Resources */ = {isa = PBXBuildFile; fileRef = FBA4981B2ADDBB5300711A11 /* SN.gif */; };
		FBA498392ADDBB5400711A11 /* SL.gif in Resources */ = {isa = PBXBuildFile; fileRef = FBA4981C2ADDBB5300711A11 /* SL.gif */; };
		FBA4983A2ADDBB5400711A11 /* SZ.gif in Resources */ = {isa = PBXBuildFile; fileRef = FBA4981D2ADDBB5300711A11 /* SZ.gif */; };
		FBA4983B2ADDBB5400711A11 /* SM.gif in Resources */ = {isa = PBXBuildFile; fileRef = FBA4981E2ADDBB5300711A11 /* SM.gif */; };
		FBA4983C2ADDBB5400711A11 /* SLL.gif in Resources */ = {isa = PBXBuildFile; fileRef = FBA4981F2ADDBB5300711A11 /* SLL.gif */; };
		FBA4983D2ADDBB5400711A11 /* SÑ.gif in Resources */ = {isa = PBXBuildFile; fileRef = FBA498202ADDBB5300711A11 /* SÑ.gif */; };
		FBA4983E2ADDBB5400711A11 /* SW.gif in Resources */ = {isa = PBXBuildFile; fileRef = FBA498212ADDBB5300711A11 /* SW.gif */; };
		FBA4983F2ADDBB5400711A11 /* SV.gif in Resources */ = {isa = PBXBuildFile; fileRef = FBA498222ADDBB5300711A11 /* SV.gif */; };
		FBA498402ADDBB5400711A11 /* SA.gif in Resources */ = {isa = PBXBuildFile; fileRef = FBA498232ADDBB5300711A11 /* SA.gif */; };
		FBA498412ADDBB5400711A11 /* SC.gif in Resources */ = {isa = PBXBuildFile; fileRef = FBA498242ADDBB5300711A11 /* SC.gif */; };
		FBA498422ADDBB5400711A11 /* ST.gif in Resources */ = {isa = PBXBuildFile; fileRef = FBA498252ADDBB5300711A11 /* ST.gif */; };
		FBA498432ADDBB5400711A11 /* SU.gif in Resources */ = {isa = PBXBuildFile; fileRef = FBA498262ADDBB5300711A11 /* SU.gif */; };
		FBA498442ADDBB5400711A11 /* SB.gif in Resources */ = {isa = PBXBuildFile; fileRef = FBA498272ADDBB5300711A11 /* SB.gif */; };
		FBA498452ADDBB5400711A11 /* SQ.gif in Resources */ = {isa = PBXBuildFile; fileRef = FBA498282ADDBB5300711A11 /* SQ.gif */; };
		FBA498462ADDBB5400711A11 /* SF.gif in Resources */ = {isa = PBXBuildFile; fileRef = FBA498292ADDBB5300711A11 /* SF.gif */; };
		FBA498472ADDBB5400711A11 /* SRR.gif in Resources */ = {isa = PBXBuildFile; fileRef = FBA4982A2ADDBB5300711A11 /* SRR.gif */; };
		FBA498482ADDBB5400711A11 /* SG.gif in Resources */ = {isa = PBXBuildFile; fileRef = FBA4982B2ADDBB5300711A11 /* SG.gif */; };
		FBA498492ADDBB5400711A11 /* SP.gif in Resources */ = {isa = PBXBuildFile; fileRef = FBA4982C2ADDBB5300711A11 /* SP.gif */; };
		FBA4984A2ADDBB5400711A11 /* SR.gif in Resources */ = {isa = PBXBuildFile; fileRef = FBA4982D2ADDBB5300711A11 /* SR.gif */; };
		FBA4984B2ADDBB5400711A11 /* SE.gif in Resources */ = {isa = PBXBuildFile; fileRef = FBA4982E2ADDBB5300711A11 /* SE.gif */; };
		FBA4984C2ADDBB5400711A11 /* SD.gif in Resources */ = {isa = PBXBuildFile; fileRef = FBA4982F2ADDBB5300711A11 /* SD.gif */; };
		FBA4984D2ADDBB5400711A11 /* SS.gif in Resources */ = {isa = PBXBuildFile; fileRef = FBA498302ADDBB5300711A11 /* SS.gif */; };
		FBABCA1C2ABCD3AF005CE9AC /* MateSenias.swift in Sources */ = {isa = PBXBuildFile; fileRef = FBABCA1B2ABCD3AF005CE9AC /* MateSenias.swift */; };
		FBB471142ACE0D8F00A05957 /* FLAnimatedImage in Frameworks */ = {isa = PBXBuildFile; productRef = FBB471132ACE0D8F00A05957 /* FLAnimatedImage */; };
		FBC50B9B2AAFC99E000E697E /* GameSelect.swift in Sources */ = {isa = PBXBuildFile; fileRef = FBC50B9A2AAFC99E000E697E /* GameSelect.swift */; };
		FBC50BA12AAFCA77000E697E /* Oxygen-Regular.ttf in Resources */ = {isa = PBXBuildFile; fileRef = FBC50BA02AAFCA77000E697E /* Oxygen-Regular.ttf */; };
/* End PBXBuildFile section */

/* Begin PBXFileReference section */
		1103E67A2AE0DBC90089FEF7 /* AppDelegate.swift */ = {isa = PBXFileReference; lastKnownFileType = sourcecode.swift; path = AppDelegate.swift; sourceTree = "<group>"; };
		1103E67C2AE0DBF50089FEF7 /* FinalView.swift */ = {isa = PBXFileReference; lastKnownFileType = sourcecode.swift; path = FinalView.swift; sourceTree = "<group>"; };
		1103E67E2AE0DC230089FEF7 /* Home.swift */ = {isa = PBXFileReference; lastKnownFileType = sourcecode.swift; path = Home.swift; sourceTree = "<group>"; };
		1103E6802AE0DC660089FEF7 /* ProgressView.swift */ = {isa = PBXFileReference; lastKnownFileType = sourcecode.swift; path = ProgressView.swift; sourceTree = "<group>"; };
		1103E6822AE0DCAE0089FEF7 /* Quiz1.swift */ = {isa = PBXFileReference; lastKnownFileType = sourcecode.swift; path = Quiz1.swift; sourceTree = "<group>"; };
		1103E6842AE0DCEB0089FEF7 /* quizModel.swift */ = {isa = PBXFileReference; lastKnownFileType = sourcecode.swift; path = quizModel.swift; sourceTree = "<group>"; };
		1103E6862AE0DD140089FEF7 /* SceneDelegate.swift */ = {isa = PBXFileReference; lastKnownFileType = sourcecode.swift; path = SceneDelegate.swift; sourceTree = "<group>"; };
		1103E6882AE0E1B70089FEF7 /* PredictionStatus2.swift */ = {isa = PBXFileReference; lastKnownFileType = sourcecode.swift; path = PredictionStatus2.swift; sourceTree = "<group>"; };
		1103E68C2AE0E3580089FEF7 /* LetrasSenias2.swift */ = {isa = PBXFileReference; lastKnownFileType = sourcecode.swift; path = LetrasSenias2.swift; sourceTree = "<group>"; };
		1159C6212AE189E0000C768E /* S1.gif */ = {isa = PBXFileReference; lastKnownFileType = image.gif; path = S1.gif; sourceTree = "<group>"; };
		11E580CB2ADCF75F005977A9 /* ShowSignView.swift */ = {isa = PBXFileReference; lastKnownFileType = sourcecode.swift; path = ShowSignView.swift; sourceTree = "<group>"; };
		FB0583132AE171D200A990F5 /* S10.gif */ = {isa = PBXFileReference; lastKnownFileType = image.gif; path = S10.gif; sourceTree = "<group>"; };
		FB0583152AE171E100A990F5 /* S9.gif */ = {isa = PBXFileReference; lastKnownFileType = image.gif; path = S9.gif; sourceTree = "<group>"; };
		FB0583172AE171E500A990F5 /* S8.gif */ = {isa = PBXFileReference; lastKnownFileType = image.gif; path = S8.gif; sourceTree = "<group>"; };
		FB0583192AE171F100A990F5 /* S7.gif */ = {isa = PBXFileReference; lastKnownFileType = image.gif; path = S7.gif; sourceTree = "<group>"; };
		FB05831B2AE171FC00A990F5 /* S6.gif */ = {isa = PBXFileReference; lastKnownFileType = image.gif; path = S6.gif; sourceTree = "<group>"; };
		FB05831D2AE1720500A990F5 /* S5.gif */ = {isa = PBXFileReference; lastKnownFileType = image.gif; path = S5.gif; sourceTree = "<group>"; };
		FB05831F2AE1720D00A990F5 /* S4.gif */ = {isa = PBXFileReference; lastKnownFileType = image.gif; path = S4.gif; sourceTree = "<group>"; };
		FB0583212AE1722700A990F5 /* S3.gif */ = {isa = PBXFileReference; lastKnownFileType = image.gif; path = S3.gif; sourceTree = "<group>"; };
		FB0583232AE1722B00A990F5 /* S2.gif */ = {isa = PBXFileReference; lastKnownFileType = image.gif; path = S2.gif; sourceTree = "<group>"; };
		FB0583272AE1737B00A990F5 /* SeniasNumerosEq1.mlmodel */ = {isa = PBXFileReference; lastKnownFileType = file.mlmodel; path = SeniasNumerosEq1.mlmodel; sourceTree = "<group>"; };
		FB0583292AE175FE00A990F5 /* SeniasLetrasEq1.mlmodel */ = {isa = PBXFileReference; lastKnownFileType = file.mlmodel; path = SeniasLetrasEq1.mlmodel; sourceTree = "<group>"; };
		FB05832C2AE17C2300A990F5 /* Classification2.swift */ = {isa = PBXFileReference; lastKnownFileType = sourcecode.swift; path = Classification2.swift; sourceTree = "<group>"; };
		FB05832E2AE17C5B00A990F5 /* ClassifierViewModel2.swift */ = {isa = PBXFileReference; lastKnownFileType = sourcecode.swift; path = ClassifierViewModel2.swift; sourceTree = "<group>"; };
		FB0583302AE17DC500A990F5 /* ShowSignView2.swift */ = {isa = PBXFileReference; lastKnownFileType = sourcecode.swift; path = ShowSignView2.swift; sourceTree = "<group>"; };
		FB0583322AE1810400A990F5 /* LiveCameraController2.swift */ = {isa = PBXFileReference; lastKnownFileType = sourcecode.swift; path = LiveCameraController2.swift; sourceTree = "<group>"; };
		FB0583342AE181E300A990F5 /* LiveCameraRepresentable2.swift */ = {isa = PBXFileReference; lastKnownFileType = sourcecode.swift; path = LiveCameraRepresentable2.swift; sourceTree = "<group>"; };
		FB37BB072ADF512000B622A9 /* WebView.swift */ = {isa = PBXFileReference; lastKnownFileType = sourcecode.swift; path = WebView.swift; sourceTree = "<group>"; };
		FB62B75D2AD713E800594247 /* PredictionStatus.swift */ = {isa = PBXFileReference; lastKnownFileType = sourcecode.swift; path = PredictionStatus.swift; sourceTree = "<group>"; };
		FB62B7612AD7155500594247 /* mydata.geojson */ = {isa = PBXFileReference; lastKnownFileType = text; path = mydata.geojson; sourceTree = "<group>"; };
		FB62B7632AD7184500594247 /* Classification.swift */ = {isa = PBXFileReference; lastKnownFileType = sourcecode.swift; path = Classification.swift; sourceTree = "<group>"; };
		FB62B7672AD71B0E00594247 /* ClassifierViewModel.swift */ = {isa = PBXFileReference; lastKnownFileType = sourcecode.swift; name = ClassifierViewModel.swift; path = Proyecto_Equipo1/Foundation/ModelViews/ClassifierViewModel.swift; sourceTree = SOURCE_ROOT; };
		FB6B9D4A2ABCC3D80065BB70 /* LetrasSenias.swift */ = {isa = PBXFileReference; lastKnownFileType = sourcecode.swift; path = LetrasSenias.swift; sourceTree = "<group>"; };
		FB6B9D4C2ABCC7BA0065BB70 /* DeletrearConSenias.swift */ = {isa = PBXFileReference; lastKnownFileType = sourcecode.swift; path = DeletrearConSenias.swift; sourceTree = "<group>"; };
		FB75F1062AD46578009F442A /* LiveCameraRepresentable.swift */ = {isa = PBXFileReference; lastKnownFileType = sourcecode.swift; path = LiveCameraRepresentable.swift; sourceTree = "<group>"; };
		FB75F1082AD465A7009F442A /* LiveCameraController.swift */ = {isa = PBXFileReference; lastKnownFileType = sourcecode.swift; path = LiveCameraController.swift; sourceTree = "<group>"; };
		FB75F10F2AD46F9E009F442A /* Constants.swift */ = {isa = PBXFileReference; lastKnownFileType = sourcecode.swift; path = Constants.swift; sourceTree = "<group>"; };
		FB75F1112AD46FCB009F442A /* Helpers.swift */ = {isa = PBXFileReference; lastKnownFileType = sourcecode.swift; path = Helpers.swift; sourceTree = "<group>"; };
		FB8FA9772AAFAC9D002E93E8 /* Proyecto_Equipo1.app */ = {isa = PBXFileReference; explicitFileType = wrapper.application; includeInIndex = 0; path = Proyecto_Equipo1.app; sourceTree = BUILT_PRODUCTS_DIR; };
		FB8FA97A2AAFAC9D002E93E8 /* Proyecto_Equipo1App.swift */ = {isa = PBXFileReference; lastKnownFileType = sourcecode.swift; path = Proyecto_Equipo1App.swift; sourceTree = "<group>"; };
		FB8FA97C2AAFAC9D002E93E8 /* ContentView.swift */ = {isa = PBXFileReference; lastKnownFileType = sourcecode.swift; path = ContentView.swift; sourceTree = "<group>"; };
		FB8FA97E2AAFAC9D002E93E8 /* Assets.xcassets */ = {isa = PBXFileReference; lastKnownFileType = folder.assetcatalog; path = Assets.xcassets; sourceTree = "<group>"; };
		FB8FA9812AAFAC9D002E93E8 /* Preview Assets.xcassets */ = {isa = PBXFileReference; lastKnownFileType = folder.assetcatalog; path = "Preview Assets.xcassets"; sourceTree = "<group>"; };
		FB9C25562AD9C62600A0509B /* LaunchScreenView.swift */ = {isa = PBXFileReference; lastKnownFileType = sourcecode.swift; path = LaunchScreenView.swift; sourceTree = "<group>"; };
		FB9C661E2ACCDE5E004FFE8C /* TabView2.swift */ = {isa = PBXFileReference; lastKnownFileType = sourcecode.swift; path = TabView2.swift; sourceTree = "<group>"; };
		FB9C66222ACCE170004FFE8C /* LetrasView.swift */ = {isa = PBXFileReference; lastKnownFileType = sourcecode.swift; path = LetrasView.swift; sourceTree = "<group>"; };
		FB9C66242ACCE1A9004FFE8C /* LetraView.swift */ = {isa = PBXFileReference; lastKnownFileType = sourcecode.swift; path = LetraView.swift; sourceTree = "<group>"; };
		FB9C66262ACCE1E7004FFE8C /* LetrasViewModel.swift */ = {isa = PBXFileReference; lastKnownFileType = sourcecode.swift; path = LetrasViewModel.swift; sourceTree = "<group>"; };
		FB9C66282ACCE20A004FFE8C /* Letra.swift */ = {isa = PBXFileReference; lastKnownFileType = sourcecode.swift; path = Letra.swift; sourceTree = "<group>"; };
		FBA498142ADDBB5300711A11 /* SI.gif */ = {isa = PBXFileReference; lastKnownFileType = image.gif; path = SI.gif; sourceTree = "<group>"; };
		FBA498152ADDBB5300711A11 /* SH.gif */ = {isa = PBXFileReference; lastKnownFileType = image.gif; path = SH.gif; sourceTree = "<group>"; };
		FBA498162ADDBB5300711A11 /* SJ.gif */ = {isa = PBXFileReference; lastKnownFileType = image.gif; path = SJ.gif; sourceTree = "<group>"; };
		FBA498172ADDBB5300711A11 /* SK.gif */ = {isa = PBXFileReference; lastKnownFileType = image.gif; path = SK.gif; sourceTree = "<group>"; };
		FBA498182ADDBB5300711A11 /* SO.gif */ = {isa = PBXFileReference; lastKnownFileType = image.gif; path = SO.gif; sourceTree = "<group>"; };
		FBA498192ADDBB5300711A11 /* SX.gif */ = {isa = PBXFileReference; lastKnownFileType = image.gif; path = SX.gif; sourceTree = "<group>"; };
		FBA4981A2ADDBB5300711A11 /* SY.gif */ = {isa = PBXFileReference; lastKnownFileType = image.gif; path = SY.gif; sourceTree = "<group>"; };
		FBA4981B2ADDBB5300711A11 /* SN.gif */ = {isa = PBXFileReference; lastKnownFileType = image.gif; path = SN.gif; sourceTree = "<group>"; };
		FBA4981C2ADDBB5300711A11 /* SL.gif */ = {isa = PBXFileReference; lastKnownFileType = image.gif; path = SL.gif; sourceTree = "<group>"; };
		FBA4981D2ADDBB5300711A11 /* SZ.gif */ = {isa = PBXFileReference; lastKnownFileType = image.gif; path = SZ.gif; sourceTree = "<group>"; };
		FBA4981E2ADDBB5300711A11 /* SM.gif */ = {isa = PBXFileReference; lastKnownFileType = image.gif; path = SM.gif; sourceTree = "<group>"; };
		FBA4981F2ADDBB5300711A11 /* SLL.gif */ = {isa = PBXFileReference; lastKnownFileType = image.gif; path = SLL.gif; sourceTree = "<group>"; };
		FBA498202ADDBB5300711A11 /* SÑ.gif */ = {isa = PBXFileReference; lastKnownFileType = image.gif; path = "SÑ.gif"; sourceTree = "<group>"; };
		FBA498212ADDBB5300711A11 /* SW.gif */ = {isa = PBXFileReference; lastKnownFileType = image.gif; path = SW.gif; sourceTree = "<group>"; };
		FBA498222ADDBB5300711A11 /* SV.gif */ = {isa = PBXFileReference; lastKnownFileType = image.gif; path = SV.gif; sourceTree = "<group>"; };
		FBA498232ADDBB5300711A11 /* SA.gif */ = {isa = PBXFileReference; lastKnownFileType = image.gif; path = SA.gif; sourceTree = "<group>"; };
		FBA498242ADDBB5300711A11 /* SC.gif */ = {isa = PBXFileReference; lastKnownFileType = image.gif; path = SC.gif; sourceTree = "<group>"; };
		FBA498252ADDBB5300711A11 /* ST.gif */ = {isa = PBXFileReference; lastKnownFileType = image.gif; path = ST.gif; sourceTree = "<group>"; };
		FBA498262ADDBB5300711A11 /* SU.gif */ = {isa = PBXFileReference; lastKnownFileType = image.gif; path = SU.gif; sourceTree = "<group>"; };
		FBA498272ADDBB5300711A11 /* SB.gif */ = {isa = PBXFileReference; lastKnownFileType = image.gif; path = SB.gif; sourceTree = "<group>"; };
		FBA498282ADDBB5300711A11 /* SQ.gif */ = {isa = PBXFileReference; lastKnownFileType = image.gif; path = SQ.gif; sourceTree = "<group>"; };
		FBA498292ADDBB5300711A11 /* SF.gif */ = {isa = PBXFileReference; lastKnownFileType = image.gif; path = SF.gif; sourceTree = "<group>"; };
		FBA4982A2ADDBB5300711A11 /* SRR.gif */ = {isa = PBXFileReference; lastKnownFileType = image.gif; path = SRR.gif; sourceTree = "<group>"; };
		FBA4982B2ADDBB5300711A11 /* SG.gif */ = {isa = PBXFileReference; lastKnownFileType = image.gif; path = SG.gif; sourceTree = "<group>"; };
		FBA4982C2ADDBB5300711A11 /* SP.gif */ = {isa = PBXFileReference; lastKnownFileType = image.gif; path = SP.gif; sourceTree = "<group>"; };
		FBA4982D2ADDBB5300711A11 /* SR.gif */ = {isa = PBXFileReference; lastKnownFileType = image.gif; path = SR.gif; sourceTree = "<group>"; };
		FBA4982E2ADDBB5300711A11 /* SE.gif */ = {isa = PBXFileReference; lastKnownFileType = image.gif; path = SE.gif; sourceTree = "<group>"; };
		FBA4982F2ADDBB5300711A11 /* SD.gif */ = {isa = PBXFileReference; lastKnownFileType = image.gif; path = SD.gif; sourceTree = "<group>"; };
		FBA498302ADDBB5300711A11 /* SS.gif */ = {isa = PBXFileReference; lastKnownFileType = image.gif; path = SS.gif; sourceTree = "<group>"; };
		FBABCA1B2ABCD3AF005CE9AC /* MateSenias.swift */ = {isa = PBXFileReference; lastKnownFileType = sourcecode.swift; path = MateSenias.swift; sourceTree = "<group>"; };
		FBC50B9A2AAFC99E000E697E /* GameSelect.swift */ = {isa = PBXFileReference; lastKnownFileType = sourcecode.swift; path = GameSelect.swift; sourceTree = "<group>"; };
		FBC50BA02AAFCA77000E697E /* Oxygen-Regular.ttf */ = {isa = PBXFileReference; lastKnownFileType = file; path = "Oxygen-Regular.ttf"; sourceTree = "<group>"; };
/* End PBXFileReference section */

/* Begin PBXFrameworksBuildPhase section */
		FB8FA9742AAFAC9D002E93E8 /* Frameworks */ = {
			isa = PBXFrameworksBuildPhase;
			buildActionMask = 2147483647;
			files = (
				FBB471142ACE0D8F00A05957 /* FLAnimatedImage in Frameworks */,
			);
			runOnlyForDeploymentPostprocessing = 0;
		};
/* End PBXFrameworksBuildPhase section */

/* Begin PBXGroup section */
		FB05830B2AE1710C00A990F5 /* NUMBERS_GIFs */ = {
			isa = PBXGroup;
			children = (
				FB05831B2AE171FC00A990F5 /* S6.gif */,
				FB05831F2AE1720D00A990F5 /* S4.gif */,
				FB0583212AE1722700A990F5 /* S3.gif */,
				FB0583192AE171F100A990F5 /* S7.gif */,
				FB0583232AE1722B00A990F5 /* S2.gif */,
				1159C6212AE189E0000C768E /* S1.gif */,
				FB05831D2AE1720500A990F5 /* S5.gif */,
				FB0583152AE171E100A990F5 /* S9.gif */,
				FB0583172AE171E500A990F5 /* S8.gif */,
				FB0583132AE171D200A990F5 /* S10.gif */,
			);
			path = NUMBERS_GIFs;
			sourceTree = "<group>";
		};
		FB62B75F2AD714CB00594247 /* Data */ = {
			isa = PBXGroup;
			children = (
				FB62B7612AD7155500594247 /* mydata.geojson */,
				FB62B7632AD7184500594247 /* Classification.swift */,
				FB05832C2AE17C2300A990F5 /* Classification2.swift */,
			);
			path = Data;
			sourceTree = "<group>";
		};
		FB6A76402AD731AA00816954 /* ModelViews */ = {
			isa = PBXGroup;
			children = (
				FB62B7672AD71B0E00594247 /* ClassifierViewModel.swift */,
				FB05832E2AE17C5B00A990F5 /* ClassifierViewModel2.swift */,
			);
			path = ModelViews;
			sourceTree = "<group>";
		};
		FB75F10A2AD46E4D009F442A /* Model */ = {
			isa = PBXGroup;
			children = (
				FB0583272AE1737B00A990F5 /* SeniasNumerosEq1.mlmodel */,
				FB0583292AE175FE00A990F5 /* SeniasLetrasEq1.mlmodel */,
				FB62B75D2AD713E800594247 /* PredictionStatus.swift */,
				1103E6882AE0E1B70089FEF7 /* PredictionStatus2.swift */,
			);
			path = Model;
			sourceTree = "<group>";
		};
		FB8FA96E2AAFAC9D002E93E8 = {
			isa = PBXGroup;
			children = (
				FB8FA9792AAFAC9D002E93E8 /* Proyecto_Equipo1 */,
				FB8FA9782AAFAC9D002E93E8 /* Products */,
			);
			sourceTree = "<group>";
		};
		FB8FA9782AAFAC9D002E93E8 /* Products */ = {
			isa = PBXGroup;
			children = (
				FB8FA9772AAFAC9D002E93E8 /* Proyecto_Equipo1.app */,
			);
			name = Products;
			sourceTree = "<group>";
		};
		FB8FA9792AAFAC9D002E93E8 /* Proyecto_Equipo1 */ = {
			isa = PBXGroup;
			children = (
				FB05830B2AE1710C00A990F5 /* NUMBERS_GIFs */,
				FBA498132ADDBB5300711A11 /* ABC_GIFs */,
				FBC50B9F2AAFCA42000E697E /* Fonts */,
				FB8FA97A2AAFAC9D002E93E8 /* Proyecto_Equipo1App.swift */,
				FB8FA97C2AAFAC9D002E93E8 /* ContentView.swift */,
				FB9C25562AD9C62600A0509B /* LaunchScreenView.swift */,
				FBC50B9A2AAFC99E000E697E /* GameSelect.swift */,
				FB9C661E2ACCDE5E004FFE8C /* TabView2.swift */,
				FB37BB072ADF512000B622A9 /* WebView.swift */,
				FB9C66262ACCE1E7004FFE8C /* LetrasViewModel.swift */,
				FB9C66222ACCE170004FFE8C /* LetrasView.swift */,
				FB9C66242ACCE1A9004FFE8C /* LetraView.swift */,
				FB9C66282ACCE20A004FFE8C /* Letra.swift */,
				1103E6802AE0DC660089FEF7 /* ProgressView.swift */,
				1103E67E2AE0DC230089FEF7 /* Home.swift */,
				FB6B9D4C2ABCC7BA0065BB70 /* DeletrearConSenias.swift */,
				1103E67A2AE0DBC90089FEF7 /* AppDelegate.swift */,
				1103E67C2AE0DBF50089FEF7 /* FinalView.swift */,
				1103E6862AE0DD140089FEF7 /* SceneDelegate.swift */,
				1103E6842AE0DCEB0089FEF7 /* quizModel.swift */,
				1103E6822AE0DCAE0089FEF7 /* Quiz1.swift */,
				FB6B9D4A2ABCC3D80065BB70 /* LetrasSenias.swift */,
				11E580CB2ADCF75F005977A9 /* ShowSignView.swift */,
				FB0583302AE17DC500A990F5 /* ShowSignView2.swift */,
				FBABCA1B2ABCD3AF005CE9AC /* MateSenias.swift */,
				1103E68C2AE0E3580089FEF7 /* LetrasSenias2.swift */,
				FB75F10A2AD46E4D009F442A /* Model */,
				FB62B75F2AD714CB00594247 /* Data */,
				FBECD0E12AD452AC008EA64C /* Foundation */,
				FB8FA97E2AAFAC9D002E93E8 /* Assets.xcassets */,
				FB8FA9802AAFAC9D002E93E8 /* Preview Content */,
			);
			path = Proyecto_Equipo1;
			sourceTree = "<group>";
		};
		FB8FA9802AAFAC9D002E93E8 /* Preview Content */ = {
			isa = PBXGroup;
			children = (
				FB8FA9812AAFAC9D002E93E8 /* Preview Assets.xcassets */,
			);
			path = "Preview Content";
			sourceTree = "<group>";
		};
		FBA498132ADDBB5300711A11 /* ABC_GIFs */ = {
			isa = PBXGroup;
			children = (
				FBA498142ADDBB5300711A11 /* SI.gif */,
				FBA498152ADDBB5300711A11 /* SH.gif */,
				FBA498162ADDBB5300711A11 /* SJ.gif */,
				FBA498172ADDBB5300711A11 /* SK.gif */,
				FBA498182ADDBB5300711A11 /* SO.gif */,
				FBA498192ADDBB5300711A11 /* SX.gif */,
				FBA4981A2ADDBB5300711A11 /* SY.gif */,
				FBA4981B2ADDBB5300711A11 /* SN.gif */,
				FBA4981C2ADDBB5300711A11 /* SL.gif */,
				FBA4981D2ADDBB5300711A11 /* SZ.gif */,
				FBA4981E2ADDBB5300711A11 /* SM.gif */,
				FBA4981F2ADDBB5300711A11 /* SLL.gif */,
				FBA498202ADDBB5300711A11 /* SÑ.gif */,
				FBA498212ADDBB5300711A11 /* SW.gif */,
				FBA498222ADDBB5300711A11 /* SV.gif */,
				FBA498232ADDBB5300711A11 /* SA.gif */,
				FBA498242ADDBB5300711A11 /* SC.gif */,
				FBA498252ADDBB5300711A11 /* ST.gif */,
				FBA498262ADDBB5300711A11 /* SU.gif */,
				FBA498272ADDBB5300711A11 /* SB.gif */,
				FBA498282ADDBB5300711A11 /* SQ.gif */,
				FBA498292ADDBB5300711A11 /* SF.gif */,
				FBA4982A2ADDBB5300711A11 /* SRR.gif */,
				FBA4982B2ADDBB5300711A11 /* SG.gif */,
				FBA4982C2ADDBB5300711A11 /* SP.gif */,
				FBA4982D2ADDBB5300711A11 /* SR.gif */,
				FBA4982E2ADDBB5300711A11 /* SE.gif */,
				FBA4982F2ADDBB5300711A11 /* SD.gif */,
				FBA498302ADDBB5300711A11 /* SS.gif */,
			);
			path = ABC_GIFs;
			sourceTree = "<group>";
		};
		FBC50B9F2AAFCA42000E697E /* Fonts */ = {
			isa = PBXGroup;
			children = (
				FBC50BA02AAFCA77000E697E /* Oxygen-Regular.ttf */,
			);
			path = Fonts;
			sourceTree = "<group>";
		};
		FBECD0E12AD452AC008EA64C /* Foundation */ = {
			isa = PBXGroup;
			children = (
				FB6A76402AD731AA00816954 /* ModelViews */,
				FBECD0E42AD452F4008EA64C /* Helpers */,
				FBECD0E32AD452C5008EA64C /* CameraViewControllers */,
			);
			path = Foundation;
			sourceTree = "<group>";
		};
		FBECD0E32AD452C5008EA64C /* CameraViewControllers */ = {
			isa = PBXGroup;
			children = (
				FB75F1062AD46578009F442A /* LiveCameraRepresentable.swift */,
				FB0583342AE181E300A990F5 /* LiveCameraRepresentable2.swift */,
				FB75F1082AD465A7009F442A /* LiveCameraController.swift */,
				FB0583322AE1810400A990F5 /* LiveCameraController2.swift */,
			);
			path = CameraViewControllers;
			sourceTree = "<group>";
		};
		FBECD0E42AD452F4008EA64C /* Helpers */ = {
			isa = PBXGroup;
			children = (
				FB75F10F2AD46F9E009F442A /* Constants.swift */,
				FB75F1112AD46FCB009F442A /* Helpers.swift */,
			);
			path = Helpers;
			sourceTree = "<group>";
		};
/* End PBXGroup section */

/* Begin PBXNativeTarget section */
		FB8FA9762AAFAC9D002E93E8 /* Proyecto_Equipo1 */ = {
			isa = PBXNativeTarget;
			buildConfigurationList = FB8FA9852AAFAC9D002E93E8 /* Build configuration list for PBXNativeTarget "Proyecto_Equipo1" */;
			buildPhases = (
				FB8FA9732AAFAC9D002E93E8 /* Sources */,
				FB8FA9742AAFAC9D002E93E8 /* Frameworks */,
				FB8FA9752AAFAC9D002E93E8 /* Resources */,
			);
			buildRules = (
			);
			dependencies = (
			);
			name = Proyecto_Equipo1;
			packageProductDependencies = (
				FBB471132ACE0D8F00A05957 /* FLAnimatedImage */,
			);
			productName = Proyecto_Equipo1;
			productReference = FB8FA9772AAFAC9D002E93E8 /* Proyecto_Equipo1.app */;
			productType = "com.apple.product-type.application";
		};
/* End PBXNativeTarget section */

/* Begin PBXProject section */
		FB8FA96F2AAFAC9D002E93E8 /* Project object */ = {
			isa = PBXProject;
			attributes = {
				BuildIndependentTargetsInParallel = 1;
				LastSwiftUpdateCheck = 1430;
				LastUpgradeCheck = 1500;
				TargetAttributes = {
					FB8FA9762AAFAC9D002E93E8 = {
						CreatedOnToolsVersion = 14.3.1;
					};
				};
			};
			buildConfigurationList = FB8FA9722AAFAC9D002E93E8 /* Build configuration list for PBXProject "Proyecto_Equipo1" */;
			compatibilityVersion = "Xcode 14.0";
			developmentRegion = en;
			hasScannedForEncodings = 0;
			knownRegions = (
				en,
				Base,
			);
			mainGroup = FB8FA96E2AAFAC9D002E93E8;
			packageReferences = (
				FBB471122ACE0D8F00A05957 /* XCRemoteSwiftPackageReference "FLAnimatedImage" */,
			);
			productRefGroup = FB8FA9782AAFAC9D002E93E8 /* Products */;
			projectDirPath = "";
			projectRoot = "";
			targets = (
				FB8FA9762AAFAC9D002E93E8 /* Proyecto_Equipo1 */,
			);
		};
/* End PBXProject section */

/* Begin PBXResourcesBuildPhase section */
		FB8FA9752AAFAC9D002E93E8 /* Resources */ = {
			isa = PBXResourcesBuildPhase;
			buildActionMask = 2147483647;
			files = (
				FB05831E2AE1720500A990F5 /* S5.gif in Resources */,
				FBA4983B2ADDBB5400711A11 /* SM.gif in Resources */,
				FB05831A2AE171F100A990F5 /* S7.gif in Resources */,
				FBA4984C2ADDBB5400711A11 /* SD.gif in Resources */,
				FBA498392ADDBB5400711A11 /* SL.gif in Resources */,
				FBA498372ADDBB5400711A11 /* SY.gif in Resources */,
				FBA498342ADDBB5400711A11 /* SK.gif in Resources */,
				FB0583162AE171E100A990F5 /* S9.gif in Resources */,
				FB0583142AE171D200A990F5 /* S10.gif in Resources */,
				1159C6222AE189E0000C768E /* S1.gif in Resources */,
				FBA498312ADDBB5400711A11 /* SI.gif in Resources */,
				FBC50BA12AAFCA77000E697E /* Oxygen-Regular.ttf in Resources */,
				FB0583182AE171E600A990F5 /* S8.gif in Resources */,
				FB05831C2AE171FC00A990F5 /* S6.gif in Resources */,
				FBA4983C2ADDBB5400711A11 /* SLL.gif in Resources */,
				FBA498432ADDBB5400711A11 /* SU.gif in Resources */,
				FB62B7622AD7155500594247 /* mydata.geojson in Resources */,
				FBA4983F2ADDBB5400711A11 /* SV.gif in Resources */,
				FBA498452ADDBB5400711A11 /* SQ.gif in Resources */,
				FBA498352ADDBB5400711A11 /* SO.gif in Resources */,
				FBA498482ADDBB5400711A11 /* SG.gif in Resources */,
				FBA498412ADDBB5400711A11 /* SC.gif in Resources */,
				FBA498462ADDBB5400711A11 /* SF.gif in Resources */,
				FBA498402ADDBB5400711A11 /* SA.gif in Resources */,
				FBA498362ADDBB5400711A11 /* SX.gif in Resources */,
				FBA4984D2ADDBB5400711A11 /* SS.gif in Resources */,
				FB0583202AE1720D00A990F5 /* S4.gif in Resources */,
				FBA498332ADDBB5400711A11 /* SJ.gif in Resources */,
				FB8FA9822AAFAC9D002E93E8 /* Preview Assets.xcassets in Resources */,
				FBA498422ADDBB5400711A11 /* ST.gif in Resources */,
				FB8FA97F2AAFAC9D002E93E8 /* Assets.xcassets in Resources */,
				FBA4983A2ADDBB5400711A11 /* SZ.gif in Resources */,
				FBA4983E2ADDBB5400711A11 /* SW.gif in Resources */,
				FBA498322ADDBB5400711A11 /* SH.gif in Resources */,
				FB0583242AE1722B00A990F5 /* S2.gif in Resources */,
				FB0583222AE1722700A990F5 /* S3.gif in Resources */,
				FBA4983D2ADDBB5400711A11 /* SÑ.gif in Resources */,
				FBA4984B2ADDBB5400711A11 /* SE.gif in Resources */,
				FBA4984A2ADDBB5400711A11 /* SR.gif in Resources */,
				FBA498472ADDBB5400711A11 /* SRR.gif in Resources */,
				FBA498382ADDBB5400711A11 /* SN.gif in Resources */,
				FBA498492ADDBB5400711A11 /* SP.gif in Resources */,
				FBA498442ADDBB5400711A11 /* SB.gif in Resources */,
			);
			runOnlyForDeploymentPostprocessing = 0;
		};
/* End PBXResourcesBuildPhase section */

/* Begin PBXSourcesBuildPhase section */
		FB8FA9732AAFAC9D002E93E8 /* Sources */ = {
			isa = PBXSourcesBuildPhase;
			buildActionMask = 2147483647;
			files = (
				1103E67B2AE0DBC90089FEF7 /* AppDelegate.swift in Sources */,
				FB75F1122AD46FCB009F442A /* Helpers.swift in Sources */,
				FB62B7642AD7184500594247 /* Classification.swift in Sources */,
				FB62B75E2AD713E800594247 /* PredictionStatus.swift in Sources */,
				FB62B7682AD71B0E00594247 /* ClassifierViewModel.swift in Sources */,
				FB0583332AE1810400A990F5 /* LiveCameraController2.swift in Sources */,
				FB75F1072AD46578009F442A /* LiveCameraRepresentable.swift in Sources */,
				FB8FA97D2AAFAC9D002E93E8 /* ContentView.swift in Sources */,
				1103E6852AE0DCEB0089FEF7 /* quizModel.swift in Sources */,
				1103E68D2AE0E3580089FEF7 /* LetrasSenias2.swift in Sources */,
				FB8FA97B2AAFAC9D002E93E8 /* Proyecto_Equipo1App.swift in Sources */,
				FBC50B9B2AAFC99E000E697E /* GameSelect.swift in Sources */,
				1103E67F2AE0DC230089FEF7 /* Home.swift in Sources */,
				FB0583282AE1737B00A990F5 /* SeniasNumerosEq1.mlmodel in Sources */,
				FB9C66252ACCE1A9004FFE8C /* LetraView.swift in Sources */,
				FB75F1092AD465A7009F442A /* LiveCameraController.swift in Sources */,
				FB9C66272ACCE1E7004FFE8C /* LetrasViewModel.swift in Sources */,
				FB0583352AE181E300A990F5 /* LiveCameraRepresentable2.swift in Sources */,
				FB9C66232ACCE170004FFE8C /* LetrasView.swift in Sources */,
				FB9C66292ACCE20A004FFE8C /* Letra.swift in Sources */,
				1103E6832AE0DCAE0089FEF7 /* Quiz1.swift in Sources */,
				1103E67D2AE0DBF50089FEF7 /* FinalView.swift in Sources */,
				1103E6892AE0E1B70089FEF7 /* PredictionStatus2.swift in Sources */,
				11E580CC2ADCF760005977A9 /* ShowSignView.swift in Sources */,
				FB05832A2AE175FE00A990F5 /* SeniasLetrasEq1.mlmodel in Sources */,
				FBABCA1C2ABCD3AF005CE9AC /* MateSenias.swift in Sources */,
				FB0583312AE17DC500A990F5 /* ShowSignView2.swift in Sources */,
				FB37BB082ADF512000B622A9 /* WebView.swift in Sources */,
				FB6B9D4B2ABCC3D80065BB70 /* LetrasSenias.swift in Sources */,
				FB05832F2AE17C5B00A990F5 /* ClassifierViewModel2.swift in Sources */,
				FB6B9D4D2ABCC7BA0065BB70 /* DeletrearConSenias.swift in Sources */,
				FB9C25572AD9C62600A0509B /* LaunchScreenView.swift in Sources */,
				1103E6872AE0DD140089FEF7 /* SceneDelegate.swift in Sources */,
				FB9C661F2ACCDE5E004FFE8C /* TabView2.swift in Sources */,
				FB75F1102AD46F9E009F442A /* Constants.swift in Sources */,
				FB05832D2AE17C2400A990F5 /* Classification2.swift in Sources */,
				1103E6812AE0DC660089FEF7 /* ProgressView.swift in Sources */,
			);
			runOnlyForDeploymentPostprocessing = 0;
		};
/* End PBXSourcesBuildPhase section */

/* Begin XCBuildConfiguration section */
		FB8FA9832AAFAC9D002E93E8 /* Debug */ = {
			isa = XCBuildConfiguration;
			buildSettings = {
				ALWAYS_SEARCH_USER_PATHS = NO;
				CLANG_ANALYZER_NONNULL = YES;
				CLANG_ANALYZER_NUMBER_OBJECT_CONVERSION = YES_AGGRESSIVE;
				CLANG_CXX_LANGUAGE_STANDARD = "gnu++20";
				CLANG_ENABLE_MODULES = YES;
				CLANG_ENABLE_OBJC_ARC = YES;
				CLANG_ENABLE_OBJC_WEAK = YES;
				CLANG_WARN_BLOCK_CAPTURE_AUTORELEASING = YES;
				CLANG_WARN_BOOL_CONVERSION = YES;
				CLANG_WARN_COMMA = YES;
				CLANG_WARN_CONSTANT_CONVERSION = YES;
				CLANG_WARN_DEPRECATED_OBJC_IMPLEMENTATIONS = YES;
				CLANG_WARN_DIRECT_OBJC_ISA_USAGE = YES_ERROR;
				CLANG_WARN_DOCUMENTATION_COMMENTS = YES;
				CLANG_WARN_EMPTY_BODY = YES;
				CLANG_WARN_ENUM_CONVERSION = YES;
				CLANG_WARN_INFINITE_RECURSION = YES;
				CLANG_WARN_INT_CONVERSION = YES;
				CLANG_WARN_NON_LITERAL_NULL_CONVERSION = YES;
				CLANG_WARN_OBJC_IMPLICIT_RETAIN_SELF = YES;
				CLANG_WARN_OBJC_LITERAL_CONVERSION = YES;
				CLANG_WARN_OBJC_ROOT_CLASS = YES_ERROR;
				CLANG_WARN_QUOTED_INCLUDE_IN_FRAMEWORK_HEADER = YES;
				CLANG_WARN_RANGE_LOOP_ANALYSIS = YES;
				CLANG_WARN_STRICT_PROTOTYPES = YES;
				CLANG_WARN_SUSPICIOUS_MOVE = YES;
				CLANG_WARN_UNGUARDED_AVAILABILITY = YES_AGGRESSIVE;
				CLANG_WARN_UNREACHABLE_CODE = YES;
				CLANG_WARN__DUPLICATE_METHOD_MATCH = YES;
				COPY_PHASE_STRIP = NO;
				DEBUG_INFORMATION_FORMAT = dwarf;
				ENABLE_STRICT_OBJC_MSGSEND = YES;
				ENABLE_TESTABILITY = YES;
				ENABLE_USER_SCRIPT_SANDBOXING = YES;
				GCC_C_LANGUAGE_STANDARD = gnu11;
				GCC_DYNAMIC_NO_PIC = NO;
				GCC_NO_COMMON_BLOCKS = YES;
				GCC_OPTIMIZATION_LEVEL = 0;
				GCC_PREPROCESSOR_DEFINITIONS = (
					"DEBUG=1",
					"$(inherited)",
				);
				GCC_WARN_64_TO_32_BIT_CONVERSION = YES;
				GCC_WARN_ABOUT_RETURN_TYPE = YES_ERROR;
				GCC_WARN_UNDECLARED_SELECTOR = YES;
				GCC_WARN_UNINITIALIZED_AUTOS = YES_AGGRESSIVE;
				GCC_WARN_UNUSED_FUNCTION = YES;
				GCC_WARN_UNUSED_VARIABLE = YES;
				IPHONEOS_DEPLOYMENT_TARGET = 16.4;
				MTL_ENABLE_DEBUG_INFO = INCLUDE_SOURCE;
				MTL_FAST_MATH = YES;
				ONLY_ACTIVE_ARCH = YES;
				SDKROOT = iphoneos;
				SWIFT_ACTIVE_COMPILATION_CONDITIONS = DEBUG;
				SWIFT_OPTIMIZATION_LEVEL = "-Onone";
			};
			name = Debug;
		};
		FB8FA9842AAFAC9D002E93E8 /* Release */ = {
			isa = XCBuildConfiguration;
			buildSettings = {
				ALWAYS_SEARCH_USER_PATHS = NO;
				CLANG_ANALYZER_NONNULL = YES;
				CLANG_ANALYZER_NUMBER_OBJECT_CONVERSION = YES_AGGRESSIVE;
				CLANG_CXX_LANGUAGE_STANDARD = "gnu++20";
				CLANG_ENABLE_MODULES = YES;
				CLANG_ENABLE_OBJC_ARC = YES;
				CLANG_ENABLE_OBJC_WEAK = YES;
				CLANG_WARN_BLOCK_CAPTURE_AUTORELEASING = YES;
				CLANG_WARN_BOOL_CONVERSION = YES;
				CLANG_WARN_COMMA = YES;
				CLANG_WARN_CONSTANT_CONVERSION = YES;
				CLANG_WARN_DEPRECATED_OBJC_IMPLEMENTATIONS = YES;
				CLANG_WARN_DIRECT_OBJC_ISA_USAGE = YES_ERROR;
				CLANG_WARN_DOCUMENTATION_COMMENTS = YES;
				CLANG_WARN_EMPTY_BODY = YES;
				CLANG_WARN_ENUM_CONVERSION = YES;
				CLANG_WARN_INFINITE_RECURSION = YES;
				CLANG_WARN_INT_CONVERSION = YES;
				CLANG_WARN_NON_LITERAL_NULL_CONVERSION = YES;
				CLANG_WARN_OBJC_IMPLICIT_RETAIN_SELF = YES;
				CLANG_WARN_OBJC_LITERAL_CONVERSION = YES;
				CLANG_WARN_OBJC_ROOT_CLASS = YES_ERROR;
				CLANG_WARN_QUOTED_INCLUDE_IN_FRAMEWORK_HEADER = YES;
				CLANG_WARN_RANGE_LOOP_ANALYSIS = YES;
				CLANG_WARN_STRICT_PROTOTYPES = YES;
				CLANG_WARN_SUSPICIOUS_MOVE = YES;
				CLANG_WARN_UNGUARDED_AVAILABILITY = YES_AGGRESSIVE;
				CLANG_WARN_UNREACHABLE_CODE = YES;
				CLANG_WARN__DUPLICATE_METHOD_MATCH = YES;
				COPY_PHASE_STRIP = NO;
				DEBUG_INFORMATION_FORMAT = "dwarf-with-dsym";
				ENABLE_NS_ASSERTIONS = NO;
				ENABLE_STRICT_OBJC_MSGSEND = YES;
				ENABLE_USER_SCRIPT_SANDBOXING = YES;
				GCC_C_LANGUAGE_STANDARD = gnu11;
				GCC_NO_COMMON_BLOCKS = YES;
				GCC_WARN_64_TO_32_BIT_CONVERSION = YES;
				GCC_WARN_ABOUT_RETURN_TYPE = YES_ERROR;
				GCC_WARN_UNDECLARED_SELECTOR = YES;
				GCC_WARN_UNINITIALIZED_AUTOS = YES_AGGRESSIVE;
				GCC_WARN_UNUSED_FUNCTION = YES;
				GCC_WARN_UNUSED_VARIABLE = YES;
				IPHONEOS_DEPLOYMENT_TARGET = 16.4;
				MTL_ENABLE_DEBUG_INFO = NO;
				MTL_FAST_MATH = YES;
				SDKROOT = iphoneos;
				SWIFT_COMPILATION_MODE = wholemodule;
				SWIFT_OPTIMIZATION_LEVEL = "-O";
				VALIDATE_PRODUCT = YES;
			};
			name = Release;
		};
		FB8FA9862AAFAC9D002E93E8 /* Debug */ = {
			isa = XCBuildConfiguration;
			buildSettings = {
				ASSETCATALOG_COMPILER_APPICON_NAME = AppIcon;
				ASSETCATALOG_COMPILER_GLOBAL_ACCENT_COLOR_NAME = AccentColor;
				CODE_SIGN_STYLE = Automatic;
				CURRENT_PROJECT_VERSION = 1;
				DEVELOPMENT_ASSET_PATHS = "\"Proyecto_Equipo1/Preview Content\"";
				DEVELOPMENT_TEAM = M34X77LFAD;
				ENABLE_PREVIEWS = YES;
				GENERATE_INFOPLIST_FILE = YES;
				INFOPLIST_KEY_NSCameraUsageDescription = "Aprendiendo con señas requiere permiso para usar la cámara";
				INFOPLIST_KEY_UIApplicationSceneManifest_Generation = YES;
				INFOPLIST_KEY_UIApplicationSupportsIndirectInputEvents = YES;
				INFOPLIST_KEY_UILaunchScreen_Generation = YES;
				INFOPLIST_KEY_UISupportedInterfaceOrientations_iPad = "UIInterfaceOrientationPortrait UIInterfaceOrientationPortraitUpsideDown UIInterfaceOrientationLandscapeLeft UIInterfaceOrientationLandscapeRight";
				INFOPLIST_KEY_UISupportedInterfaceOrientations_iPhone = "UIInterfaceOrientationPortrait UIInterfaceOrientationLandscapeLeft UIInterfaceOrientationLandscapeRight";
				LD_RUNPATH_SEARCH_PATHS = (
					"$(inherited)",
					"@executable_path/Frameworks",
				);
				MARKETING_VERSION = 1.0;
				PRODUCT_BUNDLE_IDENTIFIER = "com.itesm.Proyecto-Equipo1";
				PRODUCT_NAME = "$(TARGET_NAME)";
				SWIFT_EMIT_LOC_STRINGS = YES;
				SWIFT_VERSION = 5.0;
				TARGETED_DEVICE_FAMILY = "1,2";
			};
			name = Debug;
		};
		FB8FA9872AAFAC9D002E93E8 /* Release */ = {
			isa = XCBuildConfiguration;
			buildSettings = {
				ASSETCATALOG_COMPILER_APPICON_NAME = AppIcon;
				ASSETCATALOG_COMPILER_GLOBAL_ACCENT_COLOR_NAME = AccentColor;
				CODE_SIGN_STYLE = Automatic;
				CURRENT_PROJECT_VERSION = 1;
				DEVELOPMENT_ASSET_PATHS = "\"Proyecto_Equipo1/Preview Content\"";
				DEVELOPMENT_TEAM = M34X77LFAD;
				ENABLE_PREVIEWS = YES;
				GENERATE_INFOPLIST_FILE = YES;
				INFOPLIST_KEY_NSCameraUsageDescription = "Aprendiendo con señas requiere permiso para usar la cámara";
				INFOPLIST_KEY_UIApplicationSceneManifest_Generation = YES;
				INFOPLIST_KEY_UIApplicationSupportsIndirectInputEvents = YES;
				INFOPLIST_KEY_UILaunchScreen_Generation = YES;
				INFOPLIST_KEY_UISupportedInterfaceOrientations_iPad = "UIInterfaceOrientationPortrait UIInterfaceOrientationPortraitUpsideDown UIInterfaceOrientationLandscapeLeft UIInterfaceOrientationLandscapeRight";
				INFOPLIST_KEY_UISupportedInterfaceOrientations_iPhone = "UIInterfaceOrientationPortrait UIInterfaceOrientationLandscapeLeft UIInterfaceOrientationLandscapeRight";
				LD_RUNPATH_SEARCH_PATHS = (
					"$(inherited)",
					"@executable_path/Frameworks",
				);
				MARKETING_VERSION = 1.0;
				PRODUCT_BUNDLE_IDENTIFIER = "com.itesm.Proyecto-Equipo1";
				PRODUCT_NAME = "$(TARGET_NAME)";
				SWIFT_EMIT_LOC_STRINGS = YES;
				SWIFT_VERSION = 5.0;
				TARGETED_DEVICE_FAMILY = "1,2";
			};
			name = Release;
		};
/* End XCBuildConfiguration section */

/* Begin XCConfigurationList section */
		FB8FA9722AAFAC9D002E93E8 /* Build configuration list for PBXProject "Proyecto_Equipo1" */ = {
			isa = XCConfigurationList;
			buildConfigurations = (
				FB8FA9832AAFAC9D002E93E8 /* Debug */,
				FB8FA9842AAFAC9D002E93E8 /* Release */,
			);
			defaultConfigurationIsVisible = 0;
			defaultConfigurationName = Release;
		};
		FB8FA9852AAFAC9D002E93E8 /* Build configuration list for PBXNativeTarget "Proyecto_Equipo1" */ = {
			isa = XCConfigurationList;
			buildConfigurations = (
				FB8FA9862AAFAC9D002E93E8 /* Debug */,
				FB8FA9872AAFAC9D002E93E8 /* Release */,
			);
			defaultConfigurationIsVisible = 0;
			defaultConfigurationName = Release;
		};
/* End XCConfigurationList section */

/* Begin XCRemoteSwiftPackageReference section */
		FBB471122ACE0D8F00A05957 /* XCRemoteSwiftPackageReference "FLAnimatedImage" */ = {
			isa = XCRemoteSwiftPackageReference;
			repositoryURL = "https://github.com/Flipboard/FLAnimatedImage";
			requirement = {
				kind = upToNextMajorVersion;
				minimumVersion = 1.0.0;
			};
		};
/* End XCRemoteSwiftPackageReference section */

/* Begin XCSwiftPackageProductDependency section */
		FBB471132ACE0D8F00A05957 /* FLAnimatedImage */ = {
			isa = XCSwiftPackageProductDependency;
			package = FBB471122ACE0D8F00A05957 /* XCRemoteSwiftPackageReference "FLAnimatedImage" */;
			productName = FLAnimatedImage;
		};
/* End XCSwiftPackageProductDependency section */
	};
	rootObject = FB8FA96F2AAFAC9D002E93E8 /* Project object */;
}
